
Microsoft Visual Studio Solution File, Format Version 12.00
# Visual Studio Version 16
VisualStudioVersion = 16.0.30907.101
MinimumVisualStudioVersion = 10.0.40219.1
Project("{FAE04EC0-301F-11D3-BF4B-00C04F79EFBC}") = "MyLib", "MyLib\MyLib.csproj", "{E3A5D4C1-5A3E-42DF-A855-61D825F2259E}"
EndProject
Global
	GlobalSection(SolutionConfigurationPlatforms) = preSolution
		Debug|Any CPU = Debug|Any CPU
		Release|Any CPU = Release|Any CPU
	EndGlobalSection
	GlobalSection(ProjectConfigurationPlatforms) = postSolution
		{E3A5D4C1-5A3E-42DF-A855-61D825F2259E}.Debug|Any CPU.ActiveCfg = Debug|Any CPU
		{E3A5D4C1-5A3E-42DF-A855-61D825F2259E}.Debug|Any CPU.Build.0 = Debug|Any CPU
		{E3A5D4C1-5A3E-42DF-A855-61D825F2259E}.Release|Any CPU.ActiveCfg = Release|Any CPU
		{E3A5D4C1-5A3E-42DF-A855-61D825F2259E}.Release|Any CPU.Build.0 = Release|Any CPU
	EndGlobalSection
	GlobalSection(SolutionProperties) = preSolution
		HideSolutionNode = FALSE
	EndGlobalSection
	GlobalSection(ExtensibilityGlobals) = postSolution
		SolutionGuid = {3615965E-84FE-41CA-800E-FC571872896B}
	EndGlobalSection
EndGlobal
